
Microsoft Visual Studio Solution File, Format Version 12.00
# Visual Studio Version 17
VisualStudioVersion = 17.0.31903.59
MinimumVisualStudioVersion = 10.0.40219.1
Project("{FAE04EC0-301F-11D3-BF4B-00C04F79EFBC}") = "Phonebook", "Phonebook.csproj", "{CDA9756D-7F59-4FD0-BB63-1C24B3FD85B1}"
EndProject
Global
	GlobalSection(SolutionConfigurationPlatforms) = preSolution
		Debug|Any CPU = Debug|Any CPU
		Release|Any CPU = Release|Any CPU
	EndGlobalSection
	GlobalSection(ProjectConfigurationPlatforms) = postSolution
		{CDA9756D-7F59-4FD0-BB63-1C24B3FD85B1}.Debug|Any CPU.ActiveCfg = Debug|Any CPU
		{CDA9756D-7F59-4FD0-BB63-1C24B3FD85B1}.Debug|Any CPU.Build.0 = Debug|Any CPU
		{CDA9756D-7F59-4FD0-BB63-1C24B3FD85B1}.Release|Any CPU.ActiveCfg = Release|Any CPU
		{CDA9756D-7F59-4FD0-BB63-1C24B3FD85B1}.Release|Any CPU.Build.0 = Release|Any CPU
	EndGlobalSection
	GlobalSection(SolutionProperties) = preSolution
		HideSolutionNode = FALSE
	EndGlobalSection
	GlobalSection(ExtensibilityGlobals) = postSolution
		SolutionGuid = {65DE1300-B533-46F2-A732-FE8DD4857299}
	EndGlobalSection
EndGlobal
